Microsoft Visual Studio Solution File, Format Version 12.00
# Visual Studio Version 17
VisualStudioVersion = 17.9.34714.143
MinimumVisualStudioVersion = 10.0.40219.1
Project("{FAE04EC0-301F-11D3-BF4B-00C04F79EFBC}") = "xyLOGIX.Validators", "xyLOGIX.Validators\xyLOGIX.Validators.csproj", "{C66FD54C-AEDB-4E9D-AFCF-715582500DB9}"
EndProject
Project("{FAE04EC0-301F-11D3-BF4B-00C04F79EFBC}") = "xyLOGIX.Validators.Interfaces", "xyLOGIX.Validators.Interfaces\xyLOGIX.Validators.Interfaces.csproj", "{9491B224-3C9A-4DA8-ACC3-50EE379EB555}"
EndProject
Project("{FAE04EC0-301F-11D3-BF4B-00C04F79EFBC}") = "xyLOGIX.Validators.Factories", "xyLOGIX.Validators.Factories\xyLOGIX.Validators.Factories.csproj", "{FBE76875-0298-4D43-8565-84B35E825806}"
EndProject
Project("{FAE04EC0-301F-11D3-BF4B-00C04F79EFBC}") = "xyLOGIX.Validators.Events", "xyLOGIX.Validators.Events\xyLOGIX.Validators.Events.csproj", "{F1E3A4DD-876F-428C-BA4A-DF5FBD75B2CF}"
EndProject
Project("{2150E333-8FDC-42A3-9474-1A3956D46DE8}") = "Solution Items", "Solution Items", "{EACF5D61-C683-4EF1-9E5C-1466F6B02F15}"
	ProjectSection(SolutionItems) = preProject
		approvedPackages.json = approvedPackages.json
		xyLOGIX.Validators.pssln = xyLOGIX.Validators.pssln
	EndProjectSection
EndProject
Project("{FAE04EC0-301F-11D3-BF4B-00C04F79EFBC}") = "xyLOGIX.Validators.Constants", "xyLOGIX.Validators.Constants\xyLOGIX.Validators.Constants.csproj", "{001C84CE-256E-48F6-A7FC-8180AC07AA43}"
EndProject
Project("{FAE04EC0-301F-11D3-BF4B-00C04F79EFBC}") = "xyLOGIX.Core.Debug", "..\xyLOGIX.Core.Debug.VS2019\xyLOGIX.Core.Debug\xyLOGIX.Core.Debug.csproj", "{C445C052-26B6-4884-9A7B-25DC7ABC0DED}"
EndProject
Project("{FAE04EC0-301F-11D3-BF4B-00C04F79EFBC}") = "xyLOGIX.Core.Extensions.Tests", "..\xyLOGIX.Core.Extensions.VS2019\xyLOGIX.Core.Extensions.Tests\xyLOGIX.Core.Extensions.Tests.csproj", "{54F73A60-1941-40ED-8304-3FCCA82AA8E8}"
EndProject
Project("{FAE04EC0-301F-11D3-BF4B-00C04F79EFBC}") = "xyLOGIX.Core.Extensions.Providers.Interfaces", "..\xyLOGIX.Core.Extensions.VS2019\xyLOGIX.Core.Extensions.Providers.Interfaces\xyLOGIX.Core.Extensions.Providers.Interfaces.csproj", "{1FF580E3-D9C2-48B7-917E-53C340BF16EC}"
EndProject
Project("{FAE04EC0-301F-11D3-BF4B-00C04F79EFBC}") = "xyLOGIX.Core.Extensions.Providers.Factories", "..\xyLOGIX.Core.Extensions.VS2019\xyLOGIX.Core.Extensions.Providers.Factories\xyLOGIX.Core.Extensions.Providers.Factories.csproj", "{EA3A9AB0-6AFD-456D-BB58-F50E5C8001DD}"
EndProject
Project("{FAE04EC0-301F-11D3-BF4B-00C04F79EFBC}") = "xyLOGIX.Core.Extensions.Providers", "..\xyLOGIX.Core.Extensions.VS2019\xyLOGIX.Core.Extensions.Providers\xyLOGIX.Core.Extensions.Providers.csproj", "{EA03D76A-0A2F-4BDE-9690-92F82AF551D7}"
EndProject
Project("{FAE04EC0-301F-11D3-BF4B-00C04F79EFBC}") = "xyLOGIX.Core.Extensions", "..\xyLOGIX.Core.Extensions.VS2019\xyLOGIX.Core.Extensions\xyLOGIX.Core.Extensions.csproj", "{5528D7FB-B88B-4E9D-9BBD-B6B6B893666A}"
EndProject
Project("{FAE04EC0-301F-11D3-BF4B-00C04F79EFBC}") = "xyLOGIX.Collections.Synchronized", "..\xyLOGIX.Collections.Synchronized.VS2019\xyLOGIX.Collections.Synchronized\xyLOGIX.Collections.Synchronized.csproj", "{33FD8195-DDE4-4245-9EDA-35836CAA40C5}"
EndProject
Project("{FAE04EC0-301F-11D3-BF4B-00C04F79EFBC}") = "xyLOGIX.Validators.Tests", "xyLOGIX.Validators.Tests\xyLOGIX.Validators.Tests.csproj", "{DB0381F2-D7F0-4C63-9A98-F44BE746BF19}"
EndProject
Project("{FAE04EC0-301F-11D3-BF4B-00C04F79EFBC}") = "xyLOGIX.Tests.Logging", "..\xyLOGIX.Tests.Logging.VS2019\xyLOGIX.Tests.Logging\xyLOGIX.Tests.Logging.csproj", "{52243153-1A0D-409A-91A8-638DBD7CF23F}"
EndProject
Global
	GlobalSection(SolutionConfigurationPlatforms) = preSolution
		Debug|x64 = Debug|x64
		Debug|x86 = Debug|x86
		Release|x64 = Release|x64
		Release|x86 = Release|x86
	EndGlobalSection
	GlobalSection(ProjectConfigurationPlatforms) = postSolution
		{C66FD54C-AEDB-4E9D-AFCF-715582500DB9}.Debug|x64.ActiveCfg = Debug|x64
		{C66FD54C-AEDB-4E9D-AFCF-715582500DB9}.Debug|x64.Build.0 = Debug|x64
		{C66FD54C-AEDB-4E9D-AFCF-715582500DB9}.Debug|x86.ActiveCfg = Debug|x86
		{C66FD54C-AEDB-4E9D-AFCF-715582500DB9}.Debug|x86.Build.0 = Debug|x86
		{C66FD54C-AEDB-4E9D-AFCF-715582500DB9}.Release|x64.ActiveCfg = Release|x64
		{C66FD54C-AEDB-4E9D-AFCF-715582500DB9}.Release|x64.Build.0 = Release|x64
		{C66FD54C-AEDB-4E9D-AFCF-715582500DB9}.Release|x86.ActiveCfg = Release|x86
		{C66FD54C-AEDB-4E9D-AFCF-715582500DB9}.Release|x86.Build.0 = Release|x86
		{9491B224-3C9A-4DA8-ACC3-50EE379EB555}.Debug|x64.ActiveCfg = Debug|x64
		{9491B224-3C9A-4DA8-ACC3-50EE379EB555}.Debug|x64.Build.0 = Debug|x64
		{9491B224-3C9A-4DA8-ACC3-50EE379EB555}.Debug|x86.ActiveCfg = Debug|x86
		{9491B224-3C9A-4DA8-ACC3-50EE379EB555}.Debug|x86.Build.0 = Debug|x86
		{9491B224-3C9A-4DA8-ACC3-50EE379EB555}.Release|x64.ActiveCfg = Release|x64
		{9491B224-3C9A-4DA8-ACC3-50EE379EB555}.Release|x64.Build.0 = Release|x64
		{9491B224-3C9A-4DA8-ACC3-50EE379EB555}.Release|x86.ActiveCfg = Release|x86
		{9491B224-3C9A-4DA8-ACC3-50EE379EB555}.Release|x86.Build.0 = Release|x86
		{FBE76875-0298-4D43-8565-84B35E825806}.Debug|x64.ActiveCfg = Debug|x64
		{FBE76875-0298-4D43-8565-84B35E825806}.Debug|x64.Build.0 = Debug|x64
		{FBE76875-0298-4D43-8565-84B35E825806}.Debug|x86.ActiveCfg = Debug|x86
		{FBE76875-0298-4D43-8565-84B35E825806}.Debug|x86.Build.0 = Debug|x86
		{FBE76875-0298-4D43-8565-84B35E825806}.Release|x64.ActiveCfg = Release|x64
		{FBE76875-0298-4D43-8565-84B35E825806}.Release|x64.Build.0 = Release|x64
		{FBE76875-0298-4D43-8565-84B35E825806}.Release|x86.ActiveCfg = Release|x86
		{FBE76875-0298-4D43-8565-84B35E825806}.Release|x86.Build.0 = Release|x86
		{F1E3A4DD-876F-428C-BA4A-DF5FBD75B2CF}.Debug|x64.ActiveCfg = Debug|x64
		{F1E3A4DD-876F-428C-BA4A-DF5FBD75B2CF}.Debug|x64.Build.0 = Debug|x64
		{F1E3A4DD-876F-428C-BA4A-DF5FBD75B2CF}.Debug|x86.ActiveCfg = Debug|x86
		{F1E3A4DD-876F-428C-BA4A-DF5FBD75B2CF}.Debug|x86.Build.0 = Debug|x86
		{F1E3A4DD-876F-428C-BA4A-DF5FBD75B2CF}.Release|x64.ActiveCfg = Release|x64
		{F1E3A4DD-876F-428C-BA4A-DF5FBD75B2CF}.Release|x64.Build.0 = Release|x64
		{F1E3A4DD-876F-428C-BA4A-DF5FBD75B2CF}.Release|x86.ActiveCfg = Release|x86
		{F1E3A4DD-876F-428C-BA4A-DF5FBD75B2CF}.Release|x86.Build.0 = Release|x86
		{001C84CE-256E-48F6-A7FC-8180AC07AA43}.Debug|x64.ActiveCfg = Debug|x64
		{001C84CE-256E-48F6-A7FC-8180AC07AA43}.Debug|x64.Build.0 = Debug|x64
		{001C84CE-256E-48F6-A7FC-8180AC07AA43}.Debug|x86.ActiveCfg = Debug|x86
		{001C84CE-256E-48F6-A7FC-8180AC07AA43}.Debug|x86.Build.0 = Debug|x86
		{001C84CE-256E-48F6-A7FC-8180AC07AA43}.Release|x64.ActiveCfg = Release|x64
		{001C84CE-256E-48F6-A7FC-8180AC07AA43}.Release|x64.Build.0 = Release|x64
		{001C84CE-256E-48F6-A7FC-8180AC07AA43}.Release|x86.ActiveCfg = Release|x86
		{001C84CE-256E-48F6-A7FC-8180AC07AA43}.Release|x86.Build.0 = Release|x86
		{C445C052-26B6-4884-9A7B-25DC7ABC0DED}.Debug|x64.ActiveCfg = Debug|x64
		{C445C052-26B6-4884-9A7B-25DC7ABC0DED}.Debug|x64.Build.0 = Debug|x64
		{C445C052-26B6-4884-9A7B-25DC7ABC0DED}.Debug|x86.ActiveCfg = Debug|x86
		{C445C052-26B6-4884-9A7B-25DC7ABC0DED}.Debug|x86.Build.0 = Debug|x86
		{C445C052-26B6-4884-9A7B-25DC7ABC0DED}.Release|x64.ActiveCfg = Release|x64
		{C445C052-26B6-4884-9A7B-25DC7ABC0DED}.Release|x64.Build.0 = Release|x64
		{C445C052-26B6-4884-9A7B-25DC7ABC0DED}.Release|x86.ActiveCfg = Release|x86
		{C445C052-26B6-4884-9A7B-25DC7ABC0DED}.Release|x86.Build.0 = Release|x86
		{54F73A60-1941-40ED-8304-3FCCA82AA8E8}.Debug|x64.ActiveCfg = Debug|x64
		{54F73A60-1941-40ED-8304-3FCCA82AA8E8}.Debug|x64.Build.0 = Debug|x64
		{54F73A60-1941-40ED-8304-3FCCA82AA8E8}.Debug|x86.ActiveCfg = Debug|x86
		{54F73A60-1941-40ED-8304-3FCCA82AA8E8}.Debug|x86.Build.0 = Debug|x86
		{54F73A60-1941-40ED-8304-3FCCA82AA8E8}.Release|x64.ActiveCfg = Release|x64
		{54F73A60-1941-40ED-8304-3FCCA82AA8E8}.Release|x64.Build.0 = Release|x64
		{54F73A60-1941-40ED-8304-3FCCA82AA8E8}.Release|x86.ActiveCfg = Release|x86
		{54F73A60-1941-40ED-8304-3FCCA82AA8E8}.Release|x86.Build.0 = Release|x86
		{1FF580E3-D9C2-48B7-917E-53C340BF16EC}.Debug|x64.ActiveCfg = Debug|x64
		{1FF580E3-D9C2-48B7-917E-53C340BF16EC}.Debug|x64.Build.0 = Debug|x64
		{1FF580E3-D9C2-48B7-917E-53C340BF16EC}.Debug|x86.ActiveCfg = Debug|x86
		{1FF580E3-D9C2-48B7-917E-53C340BF16EC}.Debug|x86.Build.0 = Debug|x86
		{1FF580E3-D9C2-48B7-917E-53C340BF16EC}.Release|x64.ActiveCfg = Release|x64
		{1FF580E3-D9C2-48B7-917E-53C340BF16EC}.Release|x64.Build.0 = Release|x64
		{1FF580E3-D9C2-48B7-917E-53C340BF16EC}.Release|x86.ActiveCfg = Release|x86
		{1FF580E3-D9C2-48B7-917E-53C340BF16EC}.Release|x86.Build.0 = Release|x86
		{EA3A9AB0-6AFD-456D-BB58-F50E5C8001DD}.Debug|x64.ActiveCfg = Debug|x64
		{EA3A9AB0-6AFD-456D-BB58-F50E5C8001DD}.Debug|x64.Build.0 = Debug|x64
		{EA3A9AB0-6AFD-456D-BB58-F50E5C8001DD}.Debug|x86.ActiveCfg = Debug|x86
		{EA3A9AB0-6AFD-456D-BB58-F50E5C8001DD}.Debug|x86.Build.0 = Debug|x86
		{EA3A9AB0-6AFD-456D-BB58-F50E5C8001DD}.Release|x64.ActiveCfg = Release|x64
		{EA3A9AB0-6AFD-456D-BB58-F50E5C8001DD}.Release|x64.Build.0 = Release|x64
		{EA3A9AB0-6AFD-456D-BB58-F50E5C8001DD}.Release|x86.ActiveCfg = Release|x86
		{EA3A9AB0-6AFD-456D-BB58-F50E5C8001DD}.Release|x86.Build.0 = Release|x86
		{EA03D76A-0A2F-4BDE-9690-92F82AF551D7}.Debug|x64.ActiveCfg = Debug|x64
		{EA03D76A-0A2F-4BDE-9690-92F82AF551D7}.Debug|x64.Build.0 = Debug|x64
		{EA03D76A-0A2F-4BDE-9690-92F82AF551D7}.Debug|x86.ActiveCfg = Debug|x86
		{EA03D76A-0A2F-4BDE-9690-92F82AF551D7}.Debug|x86.Build.0 = Debug|x86
		{EA03D76A-0A2F-4BDE-9690-92F82AF551D7}.Release|x64.ActiveCfg = Release|x64
		{EA03D76A-0A2F-4BDE-9690-92F82AF551D7}.Release|x64.Build.0 = Release|x64
		{EA03D76A-0A2F-4BDE-9690-92F82AF551D7}.Release|x86.ActiveCfg = Release|x86
		{EA03D76A-0A2F-4BDE-9690-92F82AF551D7}.Release|x86.Build.0 = Release|x86
		{5528D7FB-B88B-4E9D-9BBD-B6B6B893666A}.Debug|x64.ActiveCfg = Debug|x64
		{5528D7FB-B88B-4E9D-9BBD-B6B6B893666A}.Debug|x64.Build.0 = Debug|x64
		{5528D7FB-B88B-4E9D-9BBD-B6B6B893666A}.Debug|x86.ActiveCfg = Debug|x86
		{5528D7FB-B88B-4E9D-9BBD-B6B6B893666A}.Debug|x86.Build.0 = Debug|x86
		{5528D7FB-B88B-4E9D-9BBD-B6B6B893666A}.Release|x64.ActiveCfg = Release|x64
		{5528D7FB-B88B-4E9D-9BBD-B6B6B893666A}.Release|x64.Build.0 = Release|x64
		{5528D7FB-B88B-4E9D-9BBD-B6B6B893666A}.Release|x86.ActiveCfg = Release|x86
		{5528D7FB-B88B-4E9D-9BBD-B6B6B893666A}.Release|x86.Build.0 = Release|x86
		{33FD8195-DDE4-4245-9EDA-35836CAA40C5}.Debug|x64.ActiveCfg = Debug|x64
		{33FD8195-DDE4-4245-9EDA-35836CAA40C5}.Debug|x64.Build.0 = Debug|x64
		{33FD8195-DDE4-4245-9EDA-35836CAA40C5}.Debug|x86.ActiveCfg = Debug|x86
		{33FD8195-DDE4-4245-9EDA-35836CAA40C5}.Debug|x86.Build.0 = Debug|x86
		{33FD8195-DDE4-4245-9EDA-35836CAA40C5}.Release|x64.ActiveCfg = Release|x64
		{33FD8195-DDE4-4245-9EDA-35836CAA40C5}.Release|x64.Build.0 = Release|x64
		{33FD8195-DDE4-4245-9EDA-35836CAA40C5}.Release|x86.ActiveCfg = Release|x86
		{33FD8195-DDE4-4245-9EDA-35836CAA40C5}.Release|x86.Build.0 = Release|x86
		{DB0381F2-D7F0-4C63-9A98-F44BE746BF19}.Debug|x64.ActiveCfg = Debug|x64
		{DB0381F2-D7F0-4C63-9A98-F44BE746BF19}.Debug|x64.Build.0 = Debug|x64
		{DB0381F2-D7F0-4C63-9A98-F44BE746BF19}.Debug|x86.ActiveCfg = Debug|x86
		{DB0381F2-D7F0-4C63-9A98-F44BE746BF19}.Debug|x86.Build.0 = Debug|x86
		{DB0381F2-D7F0-4C63-9A98-F44BE746BF19}.Release|x64.ActiveCfg = Release|x64
		{DB0381F2-D7F0-4C63-9A98-F44BE746BF19}.Release|x64.Build.0 = Release|x64
		{DB0381F2-D7F0-4C63-9A98-F44BE746BF19}.Release|x86.ActiveCfg = Release|x86
		{DB0381F2-D7F0-4C63-9A98-F44BE746BF19}.Release|x86.Build.0 = Release|x86
		{52243153-1A0D-409A-91A8-638DBD7CF23F}.Debug|x64.ActiveCfg = Debug|x64
		{52243153-1A0D-409A-91A8-638DBD7CF23F}.Debug|x64.Build.0 = Debug|x64
		{52243153-1A0D-409A-91A8-638DBD7CF23F}.Debug|x86.ActiveCfg = Debug|x86
		{52243153-1A0D-409A-91A8-638DBD7CF23F}.Debug|x86.Build.0 = Debug|x86
		{52243153-1A0D-409A-91A8-638DBD7CF23F}.Release|x64.ActiveCfg = Release|x64
		{52243153-1A0D-409A-91A8-638DBD7CF23F}.Release|x64.Build.0 = Release|x64
		{52243153-1A0D-409A-91A8-638DBD7CF23F}.Release|x86.ActiveCfg = Release|x86
		{52243153-1A0D-409A-91A8-638DBD7CF23F}.Release|x86.Build.0 = Release|x86
	EndGlobalSection
	GlobalSection(SolutionProperties) = preSolution
		HideSolutionNode = FALSE
	EndGlobalSection
	GlobalSection(ExtensibilityGlobals) = postSolution
		SolutionGuid = {1DD92FB5-3B07-413D-ABB9-BD8B46B83892}
	EndGlobalSection
EndGlobal
